// !$*UTF8*$!
{
	archiveVersion = 1;
	classes = {
	};
	objectVersion = 46;
	objects = {

/* Begin PBXBuildFile section */
		5807151519ACB297003D483D /* libboost_filesystem-mt.dylib in Frameworks */ = {isa = PBXBuildFile; fileRef = 5807151219ACB297003D483D /* libboost_filesystem-mt.dylib */; };
		5807151619ACB297003D483D /* libboost_program_options-mt.dylib in Frameworks */ = {isa = PBXBuildFile; fileRef = 5807151319ACB297003D483D /* libboost_program_options-mt.dylib */; };
		5807151719ACB297003D483D /* libboost_system-mt.dylib in Frameworks */ = {isa = PBXBuildFile; fileRef = 5807151419ACB297003D483D /* libboost_system-mt.dylib */; };
		5807151919ACB2A6003D483D /* libEloquent.dylib in Frameworks */ = {isa = PBXBuildFile; fileRef = 5807151819ACB2A6003D483D /* libEloquent.dylib */; };
		5807152D19ACBA2B003D483D /* libSystem.B.dylib in Frameworks */ = {isa = PBXBuildFile; fileRef = 5807152C19ACBA2B003D483D /* libSystem.B.dylib */; };
		5807153619ACBF2B003D483D /* Extension.cpp in Sources */ = {isa = PBXBuildFile; fileRef = 5827E4FE19A3DFE4006451E4 /* Extension.cpp */; };
		5807153819ACBF36003D483D /* Filter.cpp in Sources */ = {isa = PBXBuildFile; fileRef = 5827E50319A3DFE4006451E4 /* Filter.cpp */; };
		5807153A19ACBF3B003D483D /* ExtensionManager.cpp in Sources */ = {isa = PBXBuildFile; fileRef = 5827E51219A520F5006451E4 /* ExtensionManager.cpp */; };
		5807153C19ACBF42003D483D /* QueueItem.cpp in Sources */ = {isa = PBXBuildFile; fileRef = 5827E46F199E3549006451E4 /* QueueItem.cpp */; };
		5807153D19ACBF83003D483D /* libboost_filesystem-mt.dylib in Frameworks */ = {isa = PBXBuildFile; fileRef = 5807151219ACB297003D483D /* libboost_filesystem-mt.dylib */; };
		5807153E19ACBF86003D483D /* libboost_system-mt.dylib in Frameworks */ = {isa = PBXBuildFile; fileRef = 5807151419ACB297003D483D /* libboost_system-mt.dylib */; };
		5827E437199D3A22006451E4 /* Application.cpp in Sources */ = {isa = PBXBuildFile; fileRef = 5827E3CD199D3A22006451E4 /* Application.cpp */; };
		5827E453199D3A22006451E4 /* main.cpp in Sources */ = {isa = PBXBuildFile; fileRef = 5827E435199D3A22006451E4 /* main.cpp */; };
		58E13D0019B0F38700B82ED5 /* IOFactory.cpp in Sources */ = {isa = PBXBuildFile; fileRef = 58E13CFF19B0F38700B82ED5 /* IOFactory.cpp */; };
		58E13D0219B0F3D000B82ED5 /* FilterFactory.cpp in Sources */ = {isa = PBXBuildFile; fileRef = 58E13D0119B0F3D000B82ED5 /* FilterFactory.cpp */; };
		58E13D0419B0F45E00B82ED5 /* ExtensionFactory.cpp in Sources */ = {isa = PBXBuildFile; fileRef = 58E13D0319B0F45E00B82ED5 /* ExtensionFactory.cpp */; };
/* End PBXBuildFile section */

/* Begin PBXCopyFilesBuildPhase section */
		5827E3C0199D39E7006451E4 /* CopyFiles */ = {
			isa = PBXCopyFilesBuildPhase;
			buildActionMask = 2147483647;
			dstPath = /usr/share/man/man1/;
			dstSubfolderSpec = 0;
			files = (
			);
			runOnlyForDeploymentPostprocessing = 1;
		};
/* End PBXCopyFilesBuildPhase section */

/* Begin PBXFileReference section */
		5807151219ACB297003D483D /* libboost_filesystem-mt.dylib */ = {isa = PBXFileReference; lastKnownFileType = "compiled.mach-o.dylib"; name = "libboost_filesystem-mt.dylib"; path = "../../../../../../opt/local/lib/libboost_filesystem-mt.dylib"; sourceTree = "<group>"; };
		5807151319ACB297003D483D /* libboost_program_options-mt.dylib */ = {isa = PBXFileReference; lastKnownFileType = "compiled.mach-o.dylib"; name = "libboost_program_options-mt.dylib"; path = "../../../../../../opt/local/lib/libboost_program_options-mt.dylib"; sourceTree = "<group>"; };
		5807151419ACB297003D483D /* libboost_system-mt.dylib */ = {isa = PBXFileReference; lastKnownFileType = "compiled.mach-o.dylib"; name = "libboost_system-mt.dylib"; path = "../../../../../../opt/local/lib/libboost_system-mt.dylib"; sourceTree = "<group>"; };
		5807151819ACB2A6003D483D /* libEloquent.dylib */ = {isa = PBXFileReference; lastKnownFileType = "compiled.mach-o.dylib"; name = libEloquent.dylib; path = ../../../../../../usr/local/lib/libEloquent.dylib; sourceTree = "<group>"; };
		5807151A19ACB2C0003D483D /* libstreamlog.dylib */ = {isa = PBXFileReference; lastKnownFileType = "compiled.mach-o.dylib"; name = libstreamlog.dylib; path = ../../../../../../opt/local/lib/libstreamlog.dylib; sourceTree = "<group>"; };
		5807152C19ACBA2B003D483D /* libSystem.B.dylib */ = {isa = PBXFileReference; lastKnownFileType = "compiled.mach-o.dylib"; name = libSystem.B.dylib; path = ../../../../../../usr/lib/libSystem.B.dylib; sourceTree = "<group>"; };
		5807153219ACBF21003D483D /* libEloquent.dylib */ = {isa = PBXFileReference; explicitFileType = "compiled.mach-o.dylib"; includeInIndex = 0; path = libEloquent.dylib; sourceTree = BUILT_PRODUCTS_DIR; };
		5827E3C2199D39E7006451E4 /* eloquentd */ = {isa = PBXFileReference; explicitFileType = "compiled.mach-o.executable"; includeInIndex = 0; path = eloquentd; sourceTree = BUILT_PRODUCTS_DIR; };
		5827E3CD199D3A22006451E4 /* Application.cpp */ = {isa = PBXFileReference; fileEncoding = 4; lastKnownFileType = sourcecode.cpp.cpp; path = Application.cpp; sourceTree = "<group>"; };
		5827E3CE199D3A22006451E4 /* Application.h */ = {isa = PBXFileReference; fileEncoding = 4; lastKnownFileType = sourcecode.c.h; path = Application.h; sourceTree = "<group>"; };
		5827E40E199D3A22006451E4 /* CMakeLists.txt */ = {isa = PBXFileReference; fileEncoding = 4; lastKnownFileType = text; path = CMakeLists.txt; sourceTree = "<group>"; };
		5827E434199D3A22006451E4 /* LICENSE.txt */ = {isa = PBXFileReference; fileEncoding = 4; lastKnownFileType = text; path = LICENSE.txt; sourceTree = "<group>"; };
		5827E435199D3A22006451E4 /* main.cpp */ = {isa = PBXFileReference; fileEncoding = 4; lastKnownFileType = sourcecode.cpp.cpp; path = main.cpp; sourceTree = "<group>"; };
		5827E436199D3A22006451E4 /* README.txt */ = {isa = PBXFileReference; fileEncoding = 4; lastKnownFileType = text; path = README.txt; sourceTree = "<group>"; };
		5827E46F199E3549006451E4 /* QueueItem.cpp */ = {isa = PBXFileReference; fileEncoding = 4; lastKnownFileType = sourcecode.cpp.cpp; path = QueueItem.cpp; sourceTree = "<group>"; };
		5827E470199E3549006451E4 /* QueueItem.h */ = {isa = PBXFileReference; fileEncoding = 4; lastKnownFileType = sourcecode.c.h; path = QueueItem.h; sourceTree = "<group>"; };
		5827E47A199E8E15006451E4 /* Attach.h */ = {isa = PBXFileReference; lastKnownFileType = sourcecode.c.h; path = Attach.h; sourceTree = "<group>"; };
		5827E4FE19A3DFE4006451E4 /* Extension.cpp */ = {isa = PBXFileReference; fileEncoding = 4; lastKnownFileType = sourcecode.cpp.cpp; path = Extension.cpp; sourceTree = "<group>"; };
		5827E4FF19A3DFE4006451E4 /* Extension.h */ = {isa = PBXFileReference; fileEncoding = 4; lastKnownFileType = sourcecode.c.h; path = Extension.h; sourceTree = "<group>"; };
		5827E50119A3DFE4006451E4 /* ExtensionFactory.h */ = {isa = PBXFileReference; fileEncoding = 4; lastKnownFileType = sourcecode.c.h; path = ExtensionFactory.h; sourceTree = "<group>"; };
		5827E50319A3DFE4006451E4 /* Filter.cpp */ = {isa = PBXFileReference; fileEncoding = 4; lastKnownFileType = sourcecode.cpp.cpp; path = Filter.cpp; sourceTree = "<group>"; };
		5827E50419A3DFE4006451E4 /* Filter.h */ = {isa = PBXFileReference; fileEncoding = 4; lastKnownFileType = sourcecode.c.h; path = Filter.h; sourceTree = "<group>"; };
		5827E50619A3DFE4006451E4 /* FilterFactory.h */ = {isa = PBXFileReference; fileEncoding = 4; lastKnownFileType = sourcecode.c.h; path = FilterFactory.h; sourceTree = "<group>"; };
		5827E50819A3DFE4006451E4 /* IO.cpp */ = {isa = PBXFileReference; fileEncoding = 4; lastKnownFileType = sourcecode.cpp.cpp; path = IO.cpp; sourceTree = "<group>"; };
		5827E50919A3DFE4006451E4 /* IO.h */ = {isa = PBXFileReference; fileEncoding = 4; lastKnownFileType = sourcecode.c.h; path = IO.h; sourceTree = "<group>"; };
		5827E50B19A3DFE4006451E4 /* IOFactory.h */ = {isa = PBXFileReference; fileEncoding = 4; lastKnownFileType = sourcecode.c.h; path = IOFactory.h; sourceTree = "<group>"; };
		5827E51219A520F5006451E4 /* ExtensionManager.cpp */ = {isa = PBXFileReference; fileEncoding = 4; lastKnownFileType = sourcecode.cpp.cpp; path = ExtensionManager.cpp; sourceTree = "<group>"; };
		5827E51319A520F5006451E4 /* ExtensionManager.h */ = {isa = PBXFileReference; fileEncoding = 4; lastKnownFileType = sourcecode.c.h; path = ExtensionManager.h; sourceTree = "<group>"; };
		58A627A819A3FB130032A629 /* AUTHORS.txt */ = {isa = PBXFileReference; fileEncoding = 4; lastKnownFileType = text; path = AUTHORS.txt; sourceTree = "<group>"; };
		58E13CFF19B0F38700B82ED5 /* IOFactory.cpp */ = {isa = PBXFileReference; fileEncoding = 4; lastKnownFileType = sourcecode.cpp.cpp; path = IOFactory.cpp; sourceTree = "<group>"; };
		58E13D0119B0F3D000B82ED5 /* FilterFactory.cpp */ = {isa = PBXFileReference; fileEncoding = 4; lastKnownFileType = sourcecode.cpp.cpp; path = FilterFactory.cpp; sourceTree = "<group>"; };
		58E13D0319B0F45E00B82ED5 /* ExtensionFactory.cpp */ = {isa = PBXFileReference; fileEncoding = 4; lastKnownFileType = sourcecode.cpp.cpp; path = ExtensionFactory.cpp; sourceTree = "<group>"; };
		58E13D0A19B7392900B82ED5 /* eloquent.conf */ = {isa = PBXFileReference; fileEncoding = 4; lastKnownFileType = text; path = eloquent.conf; sourceTree = "<group>"; };
		58E13D0C19B7392900B82ED5 /* eloquentd.conf */ = {isa = PBXFileReference; fileEncoding = 4; lastKnownFileType = text; path = eloquentd.conf; sourceTree = "<group>"; };
		58E13D0E19B7392900B82ED5 /* eloquentd */ = {isa = PBXFileReference; fileEncoding = 4; lastKnownFileType = text; path = eloquentd; sourceTree = "<group>"; };
		58E13D1019B7392900B82ED5 /* com.evrichart.eloquentd.conf */ = {isa = PBXFileReference; fileEncoding = 4; lastKnownFileType = text; path = com.evrichart.eloquentd.conf; sourceTree = "<group>"; };
		58E13D1219B7392900B82ED5 /* com.evrichart.eloquentd.plist */ = {isa = PBXFileReference; fileEncoding = 4; lastKnownFileType = text.plist.xml; path = com.evrichart.eloquentd.plist; sourceTree = "<group>"; };
/* End PBXFileReference section */

/* Begin PBXFrameworksBuildPhase section */
		5807152F19ACBF21003D483D /* Frameworks */ = {
			isa = PBXFrameworksBuildPhase;
			buildActionMask = 2147483647;
			files = (
				5807153E19ACBF86003D483D /* libboost_system-mt.dylib in Frameworks */,
				5807153D19ACBF83003D483D /* libboost_filesystem-mt.dylib in Frameworks */,
			);
			runOnlyForDeploymentPostprocessing = 0;
		};
		5827E3BF199D39E7006451E4 /* Frameworks */ = {
			isa = PBXFrameworksBuildPhase;
			buildActionMask = 2147483647;
			files = (
				5807152D19ACBA2B003D483D /* libSystem.B.dylib in Frameworks */,
				5807151919ACB2A6003D483D /* libEloquent.dylib in Frameworks */,
				5807151519ACB297003D483D /* libboost_filesystem-mt.dylib in Frameworks */,
				5807151619ACB297003D483D /* libboost_program_options-mt.dylib in Frameworks */,
				5807151719ACB297003D483D /* libboost_system-mt.dylib in Frameworks */,
			);
			runOnlyForDeploymentPostprocessing = 0;
		};
/* End PBXFrameworksBuildPhase section */

/* Begin PBXGroup section */
		5827E3B9199D39E7006451E4 = {
			isa = PBXGroup;
			children = (
				5807152C19ACBA2B003D483D /* libSystem.B.dylib */,
				5807151A19ACB2C0003D483D /* libstreamlog.dylib */,
				5807151819ACB2A6003D483D /* libEloquent.dylib */,
				5807151219ACB297003D483D /* libboost_filesystem-mt.dylib */,
				5807151319ACB297003D483D /* libboost_program_options-mt.dylib */,
				5807151419ACB297003D483D /* libboost_system-mt.dylib */,
				5827E3CC199D3A18006451E4 /* eloquentd */,
				5827E3C3199D39E7006451E4 /* Products */,
			);
			sourceTree = "<group>";
		};
		5827E3C3199D39E7006451E4 /* Products */ = {
			isa = PBXGroup;
			children = (
				5827E3C2199D39E7006451E4 /* eloquentd */,
				5807153219ACBF21003D483D /* libEloquent.dylib */,
			);
			name = Products;
			sourceTree = "<group>";
		};
		5827E3CC199D3A18006451E4 /* eloquentd */ = {
			isa = PBXGroup;
			children = (
				5827E40F199D3A22006451E4 /* Config */,
				5827E45A199E3549006451E4 /* Internal */,
				5827E3CD199D3A22006451E4 /* Application.cpp */,
				5827E3CE199D3A22006451E4 /* Application.h */,
				5827E435199D3A22006451E4 /* main.cpp */,
				58A627A819A3FB130032A629 /* AUTHORS.txt */,
				5827E434199D3A22006451E4 /* LICENSE.txt */,
				5827E436199D3A22006451E4 /* README.txt */,
				5827E40E199D3A22006451E4 /* CMakeLists.txt */,
			);
			name = eloquentd;
			sourceTree = "<group>";
		};
		5827E40F199D3A22006451E4 /* Config */ = {
			isa = PBXGroup;
			children = (
				58E13D0919B7392900B82ED5 /* etc-eloquent */,
				58E13D0B19B7392900B82ED5 /* etc-init */,
				58E13D0D19B7392900B82ED5 /* etc-logrotate.d */,
				58E13D0F19B7392900B82ED5 /* etc-newsyslog.d */,
				58E13D1119B7392900B82ED5 /* Library-LaunchDaemons */,
			);
			path = Config;
			sourceTree = "<group>";
		};
		5827E45A199E3549006451E4 /* Internal */ = {
			isa = PBXGroup;
			children = (
				5827E4FD19A3DFE4006451E4 /* Extensions */,
				5827E46F199E3549006451E4 /* QueueItem.cpp */,
				5827E470199E3549006451E4 /* QueueItem.h */,
				5827E47A199E8E15006451E4 /* Attach.h */,
			);
			path = Internal;
			sourceTree = "<group>";
		};
		5827E4FD19A3DFE4006451E4 /* Extensions */ = {
			isa = PBXGroup;
			children = (
				5827E4FE19A3DFE4006451E4 /* Extension.cpp */,
				5827E4FF19A3DFE4006451E4 /* Extension.h */,
				5827E50119A3DFE4006451E4 /* ExtensionFactory.h */,
				58E13D0319B0F45E00B82ED5 /* ExtensionFactory.cpp */,
				5827E50219A3DFE4006451E4 /* Filters */,
				5827E50719A3DFE4006451E4 /* IO */,
				5827E51219A520F5006451E4 /* ExtensionManager.cpp */,
				5827E51319A520F5006451E4 /* ExtensionManager.h */,
			);
			path = Extensions;
			sourceTree = "<group>";
		};
		5827E50219A3DFE4006451E4 /* Filters */ = {
			isa = PBXGroup;
			children = (
				5827E50319A3DFE4006451E4 /* Filter.cpp */,
				5827E50419A3DFE4006451E4 /* Filter.h */,
				5827E50619A3DFE4006451E4 /* FilterFactory.h */,
				58E13D0119B0F3D000B82ED5 /* FilterFactory.cpp */,
			);
			path = Filters;
			sourceTree = "<group>";
		};
		5827E50719A3DFE4006451E4 /* IO */ = {
			isa = PBXGroup;
			children = (
				5827E50819A3DFE4006451E4 /* IO.cpp */,
				5827E50919A3DFE4006451E4 /* IO.h */,
				58E13CFF19B0F38700B82ED5 /* IOFactory.cpp */,
				5827E50B19A3DFE4006451E4 /* IOFactory.h */,
			);
			path = IO;
			sourceTree = "<group>";
		};
		58E13D0919B7392900B82ED5 /* etc-eloquent */ = {
			isa = PBXGroup;
			children = (
				58E13D0A19B7392900B82ED5 /* eloquent.conf */,
			);
			path = "etc-eloquent";
			sourceTree = "<group>";
		};
		58E13D0B19B7392900B82ED5 /* etc-init */ = {
			isa = PBXGroup;
			children = (
				58E13D0C19B7392900B82ED5 /* eloquentd.conf */,
			);
			path = "etc-init";
			sourceTree = "<group>";
		};
		58E13D0D19B7392900B82ED5 /* etc-logrotate.d */ = {
			isa = PBXGroup;
			children = (
				58E13D0E19B7392900B82ED5 /* eloquentd */,
			);
			path = "etc-logrotate.d";
			sourceTree = "<group>";
		};
		58E13D0F19B7392900B82ED5 /* etc-newsyslog.d */ = {
			isa = PBXGroup;
			children = (
				58E13D1019B7392900B82ED5 /* com.evrichart.eloquentd.conf */,
			);
			path = "etc-newsyslog.d";
			sourceTree = "<group>";
		};
		58E13D1119B7392900B82ED5 /* Library-LaunchDaemons */ = {
			isa = PBXGroup;
			children = (
				58E13D1219B7392900B82ED5 /* com.evrichart.eloquentd.plist */,
			);
			path = "Library-LaunchDaemons";
			sourceTree = "<group>";
		};
/* End PBXGroup section */

/* Begin PBXHeadersBuildPhase section */
		5807153019ACBF21003D483D /* Headers */ = {
			isa = PBXHeadersBuildPhase;
			buildActionMask = 2147483647;
			files = (
			);
			runOnlyForDeploymentPostprocessing = 0;
		};
/* End PBXHeadersBuildPhase section */

/* Begin PBXNativeTarget section */
		5807153119ACBF21003D483D /* Eloquent */ = {
			isa = PBXNativeTarget;
			buildConfigurationList = 5807153319ACBF21003D483D /* Build configuration list for PBXNativeTarget "Eloquent" */;
			buildPhases = (
				5807152E19ACBF21003D483D /* Sources */,
				5807152F19ACBF21003D483D /* Frameworks */,
				5807153019ACBF21003D483D /* Headers */,
			);
			buildRules = (
			);
			dependencies = (
			);
			name = Eloquent;
			productName = Eloquent;
			productReference = 5807153219ACBF21003D483D /* libEloquent.dylib */;
			productType = "com.apple.product-type.library.dynamic";
		};
		5827E3C1199D39E7006451E4 /* eloquentd */ = {
			isa = PBXNativeTarget;
			buildConfigurationList = 5827E3C9199D39E7006451E4 /* Build configuration list for PBXNativeTarget "eloquentd" */;
			buildPhases = (
				5827E3BE199D39E7006451E4 /* Sources */,
				5827E3BF199D39E7006451E4 /* Frameworks */,
				5827E3C0199D39E7006451E4 /* CopyFiles */,
			);
			buildRules = (
			);
			dependencies = (
			);
			name = eloquentd;
			productName = eloquentd;
			productReference = 5827E3C2199D39E7006451E4 /* eloquentd */;
			productType = "com.apple.product-type.tool";
		};
/* End PBXNativeTarget section */

/* Begin PBXProject section */
		5827E3BA199D39E7006451E4 /* Project object */ = {
			isa = PBXProject;
			attributes = {
				LastUpgradeCheck = 0600;
				ORGANIZATIONNAME = "EvriChart, Inc.";
				TargetAttributes = {
					5807153119ACBF21003D483D = {
						CreatedOnToolsVersion = 6.0;
					};
					5827E3C1199D39E7006451E4 = {
						CreatedOnToolsVersion = 6.0;
					};
				};
			};
			buildConfigurationList = 5827E3BD199D39E7006451E4 /* Build configuration list for PBXProject "eloquentd" */;
			compatibilityVersion = "Xcode 3.2";
			developmentRegion = English;
			hasScannedForEncodings = 0;
			knownRegions = (
				en,
			);
			mainGroup = 5827E3B9199D39E7006451E4;
			productRefGroup = 5827E3C3199D39E7006451E4 /* Products */;
			projectDirPath = "";
			projectRoot = "";
			targets = (
				5827E3C1199D39E7006451E4 /* eloquentd */,
				5807153119ACBF21003D483D /* Eloquent */,
			);
		};
/* End PBXProject section */

/* Begin PBXSourcesBuildPhase section */
		5807152E19ACBF21003D483D /* Sources */ = {
			isa = PBXSourcesBuildPhase;
			buildActionMask = 2147483647;
			files = (
				5807153619ACBF2B003D483D /* Extension.cpp in Sources */,
				5807153819ACBF36003D483D /* Filter.cpp in Sources */,
				5807153A19ACBF3B003D483D /* ExtensionManager.cpp in Sources */,
				5807153C19ACBF42003D483D /* QueueItem.cpp in Sources */,
			);
			runOnlyForDeploymentPostprocessing = 0;
		};
		5827E3BE199D39E7006451E4 /* Sources */ = {
			isa = PBXSourcesBuildPhase;
			buildActionMask = 2147483647;
			files = (
				58E13D0219B0F3D000B82ED5 /* FilterFactory.cpp in Sources */,
				58E13D0019B0F38700B82ED5 /* IOFactory.cpp in Sources */,
				58E13D0419B0F45E00B82ED5 /* ExtensionFactory.cpp in Sources */,
				5827E437199D3A22006451E4 /* Application.cpp in Sources */,
				5827E453199D3A22006451E4 /* main.cpp in Sources */,
			);
			runOnlyForDeploymentPostprocessing = 0;
		};
/* End PBXSourcesBuildPhase section */

/* Begin XCBuildConfiguration section */
		5807153419ACBF21003D483D /* Debug */ = {
			isa = XCBuildConfiguration;
			buildSettings = {
				DSTROOT = /usr/local;
				DYLIB_COMPATIBILITY_VERSION = 1;
				DYLIB_CURRENT_VERSION = 1;
				EXECUTABLE_PREFIX = lib;
				GCC_PREPROCESSOR_DEFINITIONS = (
					"DEBUG=1",
					"$(inherited)",
				);
				INSTALL_PATH = /lib;
				LIBRARY_SEARCH_PATHS = (
					"$(inherited)",
					/opt/local/lib,
				);
				PRODUCT_NAME = "$(TARGET_NAME)";
			};
			name = Debug;
		};
		5807153519ACBF21003D483D /* Release */ = {
			isa = XCBuildConfiguration;
			buildSettings = {
				DSTROOT = /usr/local;
				DYLIB_COMPATIBILITY_VERSION = 1;
				DYLIB_CURRENT_VERSION = 1;
				EXECUTABLE_PREFIX = lib;
				INSTALL_PATH = /lib;
				LIBRARY_SEARCH_PATHS = (
					"$(inherited)",
					/opt/local/lib,
				);
				PRODUCT_NAME = "$(TARGET_NAME)";
			};
			name = Release;
		};
		5827E3C7199D39E7006451E4 /* Debug */ = {
			isa = XCBuildConfiguration;
			buildSettings = {
				ALWAYS_SEARCH_USER_PATHS = NO;
				CLANG_CXX_LANGUAGE_STANDARD = "c++0x";
				CLANG_CXX_LIBRARY = "libc++";
				CLANG_ENABLE_MODULES = YES;
				CLANG_ENABLE_OBJC_ARC = YES;
				CLANG_WARN_BOOL_CONVERSION = YES;
				CLANG_WARN_CONSTANT_CONVERSION = YES;
				CLANG_WARN_DIRECT_OBJC_ISA_USAGE = YES_ERROR;
				CLANG_WARN_EMPTY_BODY = YES;
				CLANG_WARN_ENUM_CONVERSION = YES;
				CLANG_WARN_INT_CONVERSION = YES;
				CLANG_WARN_OBJC_ROOT_CLASS = YES_ERROR;
				CLANG_WARN_UNREACHABLE_CODE = YES;
				CLANG_WARN__DUPLICATE_METHOD_MATCH = YES;
				COPY_PHASE_STRIP = NO;
				ENABLE_STRICT_OBJC_MSGSEND = YES;
				GCC_C_LANGUAGE_STANDARD = gnu99;
				GCC_DYNAMIC_NO_PIC = NO;
				GCC_OPTIMIZATION_LEVEL = 0;
				GCC_PREPROCESSOR_DEFINITIONS = (
					"DEBUG=1",
					"$(inherited)",
				);
				GCC_SYMBOLS_PRIVATE_EXTERN = NO;
				GCC_WARN_64_TO_32_BIT_CONVERSION = YES;
				GCC_WARN_ABOUT_RETURN_TYPE = YES_ERROR;
				GCC_WARN_UNDECLARED_SELECTOR = YES;
				GCC_WARN_UNINITIALIZED_AUTOS = YES_AGGRESSIVE;
				GCC_WARN_UNUSED_FUNCTION = YES;
				GCC_WARN_UNUSED_VARIABLE = YES;
				HEADER_SEARCH_PATHS = (
					"$(inherited)",
					"/Applications/Xcode6-Beta5.app/Contents/Developer/Toolchains/XcodeDefault.xctoolchain/usr/include",
					/opt/local/include,
					/usr/include,
					/usr/local/include,
					/usr/local/include/Eloquent,
				);
				LIBRARY_SEARCH_PATHS = (
					/opt/local/lib,
					/usr/lib,
					/usr/local/lib,
				);
				MACOSX_DEPLOYMENT_TARGET = 10.10;
				MTL_ENABLE_DEBUG_INFO = YES;
				ONLY_ACTIVE_ARCH = YES;
				SDKROOT = macosx;
			};
			name = Debug;
		};
		5827E3C8199D39E7006451E4 /* Release */ = {
			isa = XCBuildConfiguration;
			buildSettings = {
				ALWAYS_SEARCH_USER_PATHS = NO;
				CLANG_CXX_LANGUAGE_STANDARD = "c++0x";
				CLANG_CXX_LIBRARY = "libc++";
				CLANG_ENABLE_MODULES = YES;
				CLANG_ENABLE_OBJC_ARC = YES;
				CLANG_WARN_BOOL_CONVERSION = YES;
				CLANG_WARN_CONSTANT_CONVERSION = YES;
				CLANG_WARN_DIRECT_OBJC_ISA_USAGE = YES_ERROR;
				CLANG_WARN_EMPTY_BODY = YES;
				CLANG_WARN_ENUM_CONVERSION = YES;
				CLANG_WARN_INT_CONVERSION = YES;
				CLANG_WARN_OBJC_ROOT_CLASS = YES_ERROR;
				CLANG_WARN_UNREACHABLE_CODE = YES;
				CLANG_WARN__DUPLICATE_METHOD_MATCH = YES;
				COPY_PHASE_STRIP = YES;
				DEBUG_INFORMATION_FORMAT = "dwarf-with-dsym";
				ENABLE_NS_ASSERTIONS = NO;
				ENABLE_STRICT_OBJC_MSGSEND = YES;
				GCC_C_LANGUAGE_STANDARD = gnu99;
				GCC_WARN_64_TO_32_BIT_CONVERSION = YES;
				GCC_WARN_ABOUT_RETURN_TYPE = YES_ERROR;
				GCC_WARN_UNDECLARED_SELECTOR = YES;
				GCC_WARN_UNINITIALIZED_AUTOS = YES_AGGRESSIVE;
				GCC_WARN_UNUSED_FUNCTION = YES;
				GCC_WARN_UNUSED_VARIABLE = YES;
				HEADER_SEARCH_PATHS = (
					"$(inherited)",
					"/Applications/Xcode6-Beta5.app/Contents/Developer/Toolchains/XcodeDefault.xctoolchain/usr/include",
					/opt/local/include,
					/usr/include,
					/usr/local/include,
					/usr/local/include/Eloquent,
				);
				LIBRARY_SEARCH_PATHS = (
					/opt/local/lib,
					/usr/lib,
					/usr/local/lib,
				);
				MACOSX_DEPLOYMENT_TARGET = 10.10;
				MTL_ENABLE_DEBUG_INFO = NO;
				SDKROOT = macosx;
			};
			name = Release;
		};
		5827E3CA199D39E7006451E4 /* Debug */ = {
			isa = XCBuildConfiguration;
			buildSettings = {
				DSTROOT = /usr/local;
				INSTALL_PATH = /sbin;
				LIBRARY_SEARCH_PATHS = (
					"$(inherited)",
					"$(PROJECT_DIR)/build",
					/opt/local/lib,
				);
				PRODUCT_NAME = "$(TARGET_NAME)";
			};
			name = Debug;
		};
		5827E3CB199D39E7006451E4 /* Release */ = {
			isa = XCBuildConfiguration;
			buildSettings = {
				DSTROOT = /usr/local;
				INSTALL_PATH = /sbin;
				LIBRARY_SEARCH_PATHS = (
					"$(inherited)",
					"$(PROJECT_DIR)/build",
					/opt/local/lib,
				);
				PRODUCT_NAME = "$(TARGET_NAME)";
			};
			name = Release;
		};
/* End XCBuildConfiguration section */

/* Begin XCConfigurationList section */
		5807153319ACBF21003D483D /* Build configuration list for PBXNativeTarget "Eloquent" */ = {
			isa = XCConfigurationList;
			buildConfigurations = (
				5807153419ACBF21003D483D /* Debug */,
				5807153519ACBF21003D483D /* Release */,
			);
			defaultConfigurationIsVisible = 0;
			defaultConfigurationName = Release;
		};
		5827E3BD199D39E7006451E4 /* Build configuration list for PBXProject "eloquentd" */ = {
			isa = XCConfigurationList;
			buildConfigurations = (
				5827E3C7199D39E7006451E4 /* Debug */,
				5827E3C8199D39E7006451E4 /* Release */,
			);
			defaultConfigurationIsVisible = 0;
			defaultConfigurationName = Release;
		};
		5827E3C9199D39E7006451E4 /* Build configuration list for PBXNativeTarget "eloquentd" */ = {
			isa = XCConfigurationList;
			buildConfigurations = (
				5827E3CA199D39E7006451E4 /* Debug */,
				5827E3CB199D39E7006451E4 /* Release */,
			);
			defaultConfigurationIsVisible = 0;
			defaultConfigurationName = Release;
		};
/* End XCConfigurationList section */
	};
	rootObject = 5827E3BA199D39E7006451E4 /* Project object */;
}
